
Microsoft Visual Studio Solution File, Format Version 12.00
# Visual Studio Version 16
VisualStudioVersion = 16.0.30114.105
MinimumVisualStudioVersion = 10.0.40219.1
Project("{FAE04EC0-301F-11D3-BF4B-00C04F79EFBC}") = "BalancaEstudos.API", "BalancaEstudos.API\BalancaEstudos.API.csproj", "{939B0EE3-0EB6-42D6-A06C-39B32C6B20AA}"
EndProject
Project("{FAE04EC0-301F-11D3-BF4B-00C04F79EFBC}") = "BalancaEstudos.Domain", "BalancaEstudos.Domain\BalancaEstudos.Domain.csproj", "{2E7DFB72-B2A9-4400-A339-FD306AFA8B04}"
EndProject
Project("{FAE04EC0-301F-11D3-BF4B-00C04F79EFBC}") = "BalancaEstudos.Infrastructure", "BalancaEstudos.Infrastructure\BalancaEstudos.Infrastructure.csproj", "{6FA625AF-13A7-494D-A446-A60ADB2D8B0C}"
EndProject
Project("{FAE04EC0-301F-11D3-BF4B-00C04F79EFBC}") = "BalancaEstudos.Application", "BalancaEstudos.Application\BalancaEstudos.Application.csproj", "{25CA2AFF-88F4-4F9D-B250-AB7E96209758}"
EndProject
Global
	GlobalSection(SolutionProperties) = preSolution
		HideSolutionNode = FALSE
	EndGlobalSection
	GlobalSection(SolutionConfigurationPlatforms) = preSolution
		Debug|Any CPU = Debug|Any CPU
		Debug|x64 = Debug|x64
		Debug|x86 = Debug|x86
		Release|Any CPU = Release|Any CPU
		Release|x64 = Release|x64
		Release|x86 = Release|x86
	EndGlobalSection
	GlobalSection(ProjectConfigurationPlatforms) = postSolution
		{939B0EE3-0EB6-42D6-A06C-39B32C6B20AA}.Debug|Any CPU.ActiveCfg = Debug|Any CPU
		{939B0EE3-0EB6-42D6-A06C-39B32C6B20AA}.Debug|Any CPU.Build.0 = Debug|Any CPU
		{939B0EE3-0EB6-42D6-A06C-39B32C6B20AA}.Debug|x64.ActiveCfg = Debug|Any CPU
		{939B0EE3-0EB6-42D6-A06C-39B32C6B20AA}.Debug|x64.Build.0 = Debug|Any CPU
		{939B0EE3-0EB6-42D6-A06C-39B32C6B20AA}.Debug|x86.ActiveCfg = Debug|Any CPU
		{939B0EE3-0EB6-42D6-A06C-39B32C6B20AA}.Debug|x86.Build.0 = Debug|Any CPU
		{939B0EE3-0EB6-42D6-A06C-39B32C6B20AA}.Release|Any CPU.ActiveCfg = Release|Any CPU
		{939B0EE3-0EB6-42D6-A06C-39B32C6B20AA}.Release|Any CPU.Build.0 = Release|Any CPU
		{939B0EE3-0EB6-42D6-A06C-39B32C6B20AA}.Release|x64.ActiveCfg = Release|Any CPU
		{939B0EE3-0EB6-42D6-A06C-39B32C6B20AA}.Release|x64.Build.0 = Release|Any CPU
		{939B0EE3-0EB6-42D6-A06C-39B32C6B20AA}.Release|x86.ActiveCfg = Release|Any CPU
		{939B0EE3-0EB6-42D6-A06C-39B32C6B20AA}.Release|x86.Build.0 = Release|Any CPU
		{2E7DFB72-B2A9-4400-A339-FD306AFA8B04}.Debug|Any CPU.ActiveCfg = Debug|Any CPU
		{2E7DFB72-B2A9-4400-A339-FD306AFA8B04}.Debug|Any CPU.Build.0 = Debug|Any CPU
		{2E7DFB72-B2A9-4400-A339-FD306AFA8B04}.Debug|x64.ActiveCfg = Debug|Any CPU
		{2E7DFB72-B2A9-4400-A339-FD306AFA8B04}.Debug|x64.Build.0 = Debug|Any CPU
		{2E7DFB72-B2A9-4400-A339-FD306AFA8B04}.Debug|x86.ActiveCfg = Debug|Any CPU
		{2E7DFB72-B2A9-4400-A339-FD306AFA8B04}.Debug|x86.Build.0 = Debug|Any CPU
		{2E7DFB72-B2A9-4400-A339-FD306AFA8B04}.Release|Any CPU.ActiveCfg = Release|Any CPU
		{2E7DFB72-B2A9-4400-A339-FD306AFA8B04}.Release|Any CPU.Build.0 = Release|Any CPU
		{2E7DFB72-B2A9-4400-A339-FD306AFA8B04}.Release|x64.ActiveCfg = Release|Any CPU
		{2E7DFB72-B2A9-4400-A339-FD306AFA8B04}.Release|x64.Build.0 = Release|Any CPU
		{2E7DFB72-B2A9-4400-A339-FD306AFA8B04}.Release|x86.ActiveCfg = Release|Any CPU
		{2E7DFB72-B2A9-4400-A339-FD306AFA8B04}.Release|x86.Build.0 = Release|Any CPU
		{6FA625AF-13A7-494D-A446-A60ADB2D8B0C}.Debug|Any CPU.ActiveCfg = Debug|Any CPU
		{6FA625AF-13A7-494D-A446-A60ADB2D8B0C}.Debug|Any CPU.Build.0 = Debug|Any CPU
		{6FA625AF-13A7-494D-A446-A60ADB2D8B0C}.Debug|x64.ActiveCfg = Debug|Any CPU
		{6FA625AF-13A7-494D-A446-A60ADB2D8B0C}.Debug|x64.Build.0 = Debug|Any CPU
		{6FA625AF-13A7-494D-A446-A60ADB2D8B0C}.Debug|x86.ActiveCfg = Debug|Any CPU
		{6FA625AF-13A7-494D-A446-A60ADB2D8B0C}.Debug|x86.Build.0 = Debug|Any CPU
		{6FA625AF-13A7-494D-A446-A60ADB2D8B0C}.Release|Any CPU.ActiveCfg = Release|Any CPU
		{6FA625AF-13A7-494D-A446-A60ADB2D8B0C}.Release|Any CPU.Build.0 = Release|Any CPU
		{6FA625AF-13A7-494D-A446-A60ADB2D8B0C}.Release|x64.ActiveCfg = Release|Any CPU
		{6FA625AF-13A7-494D-A446-A60ADB2D8B0C}.Release|x64.Build.0 = Release|Any CPU
		{6FA625AF-13A7-494D-A446-A60ADB2D8B0C}.Release|x86.ActiveCfg = Release|Any CPU
		{6FA625AF-13A7-494D-A446-A60ADB2D8B0C}.Release|x86.Build.0 = Release|Any CPU
		{25CA2AFF-88F4-4F9D-B250-AB7E96209758}.Debug|Any CPU.ActiveCfg = Debug|Any CPU
		{25CA2AFF-88F4-4F9D-B250-AB7E96209758}.Debug|Any CPU.Build.0 = Debug|Any CPU
		{25CA2AFF-88F4-4F9D-B250-AB7E96209758}.Debug|x64.ActiveCfg = Debug|Any CPU
		{25CA2AFF-88F4-4F9D-B250-AB7E96209758}.Debug|x64.Build.0 = Debug|Any CPU
		{25CA2AFF-88F4-4F9D-B250-AB7E96209758}.Debug|x86.ActiveCfg = Debug|Any CPU
		{25CA2AFF-88F4-4F9D-B250-AB7E96209758}.Debug|x86.Build.0 = Debug|Any CPU
		{25CA2AFF-88F4-4F9D-B250-AB7E96209758}.Release|Any CPU.ActiveCfg = Release|Any CPU
		{25CA2AFF-88F4-4F9D-B250-AB7E96209758}.Release|Any CPU.Build.0 = Release|Any CPU
		{25CA2AFF-88F4-4F9D-B250-AB7E96209758}.Release|x64.ActiveCfg = Release|Any CPU
		{25CA2AFF-88F4-4F9D-B250-AB7E96209758}.Release|x64.Build.0 = Release|Any CPU
		{25CA2AFF-88F4-4F9D-B250-AB7E96209758}.Release|x86.ActiveCfg = Release|Any CPU
		{25CA2AFF-88F4-4F9D-B250-AB7E96209758}.Release|x86.Build.0 = Release|Any CPU
	EndGlobalSection
EndGlobal
